// !$*UTF8*$!
{
	archiveVersion = 1;
	classes = {
	};
	objectVersion = 50;
	objects = {

/* Begin PBXBuildFile section */
		18804E8D22C3F3BE00C7D32C /* AppDelegate.swift in Sources */ = {isa = PBXBuildFile; fileRef = 18804E8C22C3F3BE00C7D32C /* AppDelegate.swift */; };
		18804E8F22C3F3BE00C7D32C /* ViewController.swift in Sources */ = {isa = PBXBuildFile; fileRef = 18804E8E22C3F3BE00C7D32C /* ViewController.swift */; };
		18804E9222C3F3BE00C7D32C /* Main.storyboard in Resources */ = {isa = PBXBuildFile; fileRef = 18804E9022C3F3BE00C7D32C /* Main.storyboard */; };
		18804E9422C3F3BF00C7D32C /* Assets.xcassets in Resources */ = {isa = PBXBuildFile; fileRef = 18804E9322C3F3BF00C7D32C /* Assets.xcassets */; };
		18804E9722C3F3BF00C7D32C /* LaunchScreen.storyboard in Resources */ = {isa = PBXBuildFile; fileRef = 18804E9522C3F3BF00C7D32C /* LaunchScreen.storyboard */; };
		18804EA222C3F3BF00C7D32C /* FitFoodieFindzAppTests.swift in Sources */ = {isa = PBXBuildFile; fileRef = 18804EA122C3F3BF00C7D32C /* FitFoodieFindzAppTests.swift */; };
		18804EAD22C3F3BF00C7D32C /* FitFoodieFindzAppUITests.swift in Sources */ = {isa = PBXBuildFile; fileRef = 18804EAC22C3F3BF00C7D32C /* FitFoodieFindzAppUITests.swift */; };
/* End PBXBuildFile section */

/* Begin PBXContainerItemProxy section */
		18804E9E22C3F3BF00C7D32C /* PBXContainerItemProxy */ = {
			isa = PBXContainerItemProxy;
			containerPortal = 18804E8122C3F3BE00C7D32C /* Project object */;
			proxyType = 1;
			remoteGlobalIDString = 18804E8822C3F3BE00C7D32C;
			remoteInfo = FitFoodieFindzApp;
		};
		18804EA922C3F3BF00C7D32C /* PBXContainerItemProxy */ = {
			isa = PBXContainerItemProxy;
			containerPortal = 18804E8122C3F3BE00C7D32C /* Project object */;
			proxyType = 1;
			remoteGlobalIDString = 18804E8822C3F3BE00C7D32C;
			remoteInfo = FitFoodieFindzApp;
		};
/* End PBXContainerItemProxy section */

/* Begin PBXFileReference section */
		18804E8922C3F3BE00C7D32C /* FitFoodieFindzApp.app */ = {isa = PBXFileReference; explicitFileType = wrapper.application; includeInIndex = 0; path = FitFoodieFindzApp.app; sourceTree = BUILT_PRODUCTS_DIR; };
		18804E8C22C3F3BE00C7D32C /* AppDelegate.swift */ = {isa = PBXFileReference; lastKnownFileType = sourcecode.swift; path = AppDelegate.swift; sourceTree = "<group>"; };
		18804E8E22C3F3BE00C7D32C /* ViewController.swift */ = {isa = PBXFileReference; lastKnownFileType = sourcecode.swift; path = ViewController.swift; sourceTree = "<group>"; };
		18804E9122C3F3BE00C7D32C /* Base */ = {isa = PBXFileReference; lastKnownFileType = file.storyboard; name = Base; path = Base.lproj/Main.storyboard; sourceTree = "<group>"; };
		18804E9322C3F3BF00C7D32C /* Assets.xcassets */ = {isa = PBXFileReference; lastKnownFileType = folder.assetcatalog; path = Assets.xcassets; sourceTree = "<group>"; };
		18804E9622C3F3BF00C7D32C /* Base */ = {isa = PBXFileReference; lastKnownFileType = file.storyboard; name = Base; path = Base.lproj/LaunchScreen.storyboard; sourceTree = "<group>"; };
		18804E9822C3F3BF00C7D32C /* Info.plist */ = {isa = PBXFileReference; lastKnownFileType = text.plist.xml; path = Info.plist; sourceTree = "<group>"; };
		18804E9D22C3F3BF00C7D32C /* FitFoodieFindzAppTests.xctest */ = {isa = PBXFileReference; explicitFileType = wrapper.cfbundle; includeInIndex = 0; path = FitFoodieFindzAppTests.xctest; sourceTree = BUILT_PRODUCTS_DIR; };
		18804EA122C3F3BF00C7D32C /* FitFoodieFindzAppTests.swift */ = {isa = PBXFileReference; lastKnownFileType = sourcecode.swift; path = FitFoodieFindzAppTests.swift; sourceTree = "<group>"; };
		18804EA322C3F3BF00C7D32C /* Info.plist */ = {isa = PBXFileReference; lastKnownFileType = text.plist.xml; path = Info.plist; sourceTree = "<group>"; };
		18804EA822C3F3BF00C7D32C /* FitFoodieFindzAppUITests.xctest */ = {isa = PBXFileReference; explicitFileType = wrapper.cfbundle; includeInIndex = 0; path = FitFoodieFindzAppUITests.xctest; sourceTree = BUILT_PRODUCTS_DIR; };
		18804EAC22C3F3BF00C7D32C /* FitFoodieFindzAppUITests.swift */ = {isa = PBXFileReference; lastKnownFileType = sourcecode.swift; path = FitFoodieFindzAppUITests.swift; sourceTree = "<group>"; };
		18804EAE22C3F3BF00C7D32C /* Info.plist */ = {isa = PBXFileReference; lastKnownFileType = text.plist.xml; path = Info.plist; sourceTree = "<group>"; };
/* End PBXFileReference section */

/* Begin PBXFrameworksBuildPhase section */
		18804E8622C3F3BE00C7D32C /* Frameworks */ = {
			isa = PBXFrameworksBuildPhase;
			buildActionMask = 2147483647;
			files = (
			);
			runOnlyForDeploymentPostprocessing = 0;
		};
		18804E9A22C3F3BF00C7D32C /* Frameworks */ = {
			isa = PBXFrameworksBuildPhase;
			buildActionMask = 2147483647;
			files = (
			);
			runOnlyForDeploymentPostprocessing = 0;
		};
		18804EA522C3F3BF00C7D32C /* Frameworks */ = {
			isa = PBXFrameworksBuildPhase;
			buildActionMask = 2147483647;
			files = (
			);
			runOnlyForDeploymentPostprocessing = 0;
		};
/* End PBXFrameworksBuildPhase section */

/* Begin PBXGroup section */
		18804E8022C3F3BE00C7D32C = {
			isa = PBXGroup;
			children = (
				18804E8B22C3F3BE00C7D32C /* FitFoodieFindzApp */,
				18804EA022C3F3BF00C7D32C /* FitFoodieFindzAppTests */,
				18804EAB22C3F3BF00C7D32C /* FitFoodieFindzAppUITests */,
				18804E8A22C3F3BE00C7D32C /* Products */,
			);
			sourceTree = "<group>";
		};
		18804E8A22C3F3BE00C7D32C /* Products */ = {
			isa = PBXGroup;
			children = (
				18804E8922C3F3BE00C7D32C /* FitFoodieFindzApp.app */,
				18804E9D22C3F3BF00C7D32C /* FitFoodieFindzAppTests.xctest */,
				18804EA822C3F3BF00C7D32C /* FitFoodieFindzAppUITests.xctest */,
			);
			name = Products;
			sourceTree = "<group>";
		};
		18804E8B22C3F3BE00C7D32C /* FitFoodieFindzApp */ = {
			isa = PBXGroup;
			children = (
				18804E8C22C3F3BE00C7D32C /* AppDelegate.swift */,
				18804E8E22C3F3BE00C7D32C /* ViewController.swift */,
				18804E9022C3F3BE00C7D32C /* Main.storyboard */,
				18804E9322C3F3BF00C7D32C /* Assets.xcassets */,
				18804E9522C3F3BF00C7D32C /* LaunchScreen.storyboard */,
				18804E9822C3F3BF00C7D32C /* Info.plist */,
			);
			path = FitFoodieFindzApp;
			sourceTree = "<group>";
		};
		18804EA022C3F3BF00C7D32C /* FitFoodieFindzAppTests */ = {
			isa = PBXGroup;
			children = (
				18804EA122C3F3BF00C7D32C /* FitFoodieFindzAppTests.swift */,
				18804EA322C3F3BF00C7D32C /* Info.plist */,
			);
			path = FitFoodieFindzAppTests;
			sourceTree = "<group>";
		};
		18804EAB22C3F3BF00C7D32C /* FitFoodieFindzAppUITests */ = {
			isa = PBXGroup;
			children = (
				18804EAC22C3F3BF00C7D32C /* FitFoodieFindzAppUITests.swift */,
				18804EAE22C3F3BF00C7D32C /* Info.plist */,
			);
			path = FitFoodieFindzAppUITests;
			sourceTree = "<group>";
		};
/* End PBXGroup section */

/* Begin PBXNativeTarget section */
		18804E8822C3F3BE00C7D32C /* FitFoodieFindzApp */ = {
			isa = PBXNativeTarget;
			buildConfigurationList = 18804EB122C3F3BF00C7D32C /* Build configuration list for PBXNativeTarget "FitFoodieFindzApp" */;
			buildPhases = (
				18804E8522C3F3BE00C7D32C /* Sources */,
				18804E8622C3F3BE00C7D32C /* Frameworks */,
				18804E8722C3F3BE00C7D32C /* Resources */,
			);
			buildRules = (
			);
			dependencies = (
			);
			name = FitFoodieFindzApp;
			productName = FitFoodieFindzApp;
			productReference = 18804E8922C3F3BE00C7D32C /* FitFoodieFindzApp.app */;
			productType = "com.apple.product-type.application";
		};
		18804E9C22C3F3BF00C7D32C /* FitFoodieFindzAppTests */ = {
			isa = PBXNativeTarget;
			buildConfigurationList = 18804EB422C3F3BF00C7D32C /* Build configuration list for PBXNativeTarget "FitFoodieFindzAppTests" */;
			buildPhases = (
				18804E9922C3F3BF00C7D32C /* Sources */,
				18804E9A22C3F3BF00C7D32C /* Frameworks */,
				18804E9B22C3F3BF00C7D32C /* Resources */,
			);
			buildRules = (
			);
			dependencies = (
				18804E9F22C3F3BF00C7D32C /* PBXTargetDependency */,
			);
			name = FitFoodieFindzAppTests;
			productName = FitFoodieFindzAppTests;
			productReference = 18804E9D22C3F3BF00C7D32C /* FitFoodieFindzAppTests.xctest */;
			productType = "com.apple.product-type.bundle.unit-test";
		};
		18804EA722C3F3BF00C7D32C /* FitFoodieFindzAppUITests */ = {
			isa = PBXNativeTarget;
			buildConfigurationList = 18804EB722C3F3BF00C7D32C /* Build configuration list for PBXNativeTarget "FitFoodieFindzAppUITests" */;
			buildPhases = (
				18804EA422C3F3BF00C7D32C /* Sources */,
				18804EA522C3F3BF00C7D32C /* Frameworks */,
				18804EA622C3F3BF00C7D32C /* Resources */,
			);
			buildRules = (
			);
			dependencies = (
				18804EAA22C3F3BF00C7D32C /* PBXTargetDependency */,
			);
			name = FitFoodieFindzAppUITests;
			productName = FitFoodieFindzAppUITests;
			productReference = 18804EA822C3F3BF00C7D32C /* FitFoodieFindzAppUITests.xctest */;
			productType = "com.apple.product-type.bundle.ui-testing";
		};
/* End PBXNativeTarget section */

/* Begin PBXProject section */
		18804E8122C3F3BE00C7D32C /* Project object */ = {
			isa = PBXProject;
			attributes = {
				LastSwiftUpdateCheck = 1020;
				LastUpgradeCheck = 1020;
				ORGANIZATIONNAME = Apple;
				TargetAttributes = {
					18804E8822C3F3BE00C7D32C = {
						CreatedOnToolsVersion = 10.2.1;
					};
					18804E9C22C3F3BF00C7D32C = {
						CreatedOnToolsVersion = 10.2.1;
						TestTargetID = 18804E8822C3F3BE00C7D32C;
					};
					18804EA722C3F3BF00C7D32C = {
						CreatedOnToolsVersion = 10.2.1;
						TestTargetID = 18804E8822C3F3BE00C7D32C;
					};
				};
			};
			buildConfigurationList = 18804E8422C3F3BE00C7D32C /* Build configuration list for PBXProject "FitFoodieFindzApp" */;
			compatibilityVersion = "Xcode 9.3";
			developmentRegion = en;
			hasScannedForEncodings = 0;
			knownRegions = (
				en,
				Base,
			);
			mainGroup = 18804E8022C3F3BE00C7D32C;
			productRefGroup = 18804E8A22C3F3BE00C7D32C /* Products */;
			projectDirPath = "";
			projectRoot = "";
			targets = (
				18804E8822C3F3BE00C7D32C /* FitFoodieFindzApp */,
				18804E9C22C3F3BF00C7D32C /* FitFoodieFindzAppTests */,
				18804EA722C3F3BF00C7D32C /* FitFoodieFindzAppUITests */,
			);
		};
/* End PBXProject section */

/* Begin PBXResourcesBuildPhase section */
		18804E8722C3F3BE00C7D32C /* Resources */ = {
			isa = PBXResourcesBuildPhase;
			buildActionMask = 2147483647;
			files = (
				18804E9722C3F3BF00C7D32C /* LaunchScreen.storyboard in Resources */,
				18804E9422C3F3BF00C7D32C /* Assets.xcassets in Resources */,
				18804E9222C3F3BE00C7D32C /* Main.storyboard in Resources */,
			);
			runOnlyForDeploymentPostprocessing = 0;
		};
		18804E9B22C3F3BF00C7D32C /* Resources */ = {
			isa = PBXResourcesBuildPhase;
			buildActionMask = 2147483647;
			files = (
			);
			runOnlyForDeploymentPostprocessing = 0;
		};
		18804EA622C3F3BF00C7D32C /* Resources */ = {
			isa = PBXResourcesBuildPhase;
			buildActionMask = 2147483647;
			files = (
			);
			runOnlyForDeploymentPostprocessing = 0;
		};
/* End PBXResourcesBuildPhase section */

/* Begin PBXSourcesBuildPhase section */
		18804E8522C3F3BE00C7D32C /* Sources */ = {
			isa = PBXSourcesBuildPhase;
			buildActionMask = 2147483647;
			files = (
				18804E8F22C3F3BE00C7D32C /* ViewController.swift in Sources */,
				18804E8D22C3F3BE00C7D32C /* AppDelegate.swift in Sources */,
			);
			runOnlyForDeploymentPostprocessing = 0;
		};
		18804E9922C3F3BF00C7D32C /* Sources */ = {
			isa = PBXSourcesBuildPhase;
			buildActionMask = 2147483647;
			files = (
				18804EA222C3F3BF00C7D32C /* FitFoodieFindzAppTests.swift in Sources */,
			);
			runOnlyForDeploymentPostprocessing = 0;
		};
		18804EA422C3F3BF00C7D32C /* Sources */ = {
			isa = PBXSourcesBuildPhase;
			buildActionMask = 2147483647;
			files = (
				18804EAD22C3F3BF00C7D32C /* FitFoodieFindzAppUITests.swift in Sources */,
			);
			runOnlyForDeploymentPostprocessing = 0;
		};
/* End PBXSourcesBuildPhase section */

/* Begin PBXTargetDependency section */
		18804E9F22C3F3BF00C7D32C /* PBXTargetDependency */ = {
			isa = PBXTargetDependency;
			target = 18804E8822C3F3BE00C7D32C /* FitFoodieFindzApp */;
			targetProxy = 18804E9E22C3F3BF00C7D32C /* PBXContainerItemProxy */;
		};
		18804EAA22C3F3BF00C7D32C /* PBXTargetDependency */ = {
			isa = PBXTargetDependency;
			target = 18804E8822C3F3BE00C7D32C /* FitFoodieFindzApp */;
			targetProxy = 18804EA922C3F3BF00C7D32C /* PBXContainerItemProxy */;
		};
/* End PBXTargetDependency section */

/* Begin PBXVariantGroup section */
		18804E9022C3F3BE00C7D32C /* Main.storyboard */ = {
			isa = PBXVariantGroup;
			children = (
				18804E9122C3F3BE00C7D32C /* Base */,
			);
			name = Main.storyboard;
			sourceTree = "<group>";
		};
		18804E9522C3F3BF00C7D32C /* LaunchScreen.storyboard */ = {
			isa = PBXVariantGroup;
			children = (
				18804E9622C3F3BF00C7D32C /* Base */,
			);
			name = LaunchScreen.storyboard;
			sourceTree = "<group>";
		};
/* End PBXVariantGroup section */

/* Begin XCBuildConfiguration section */
		18804EAF22C3F3BF00C7D32C /* Debug */ = {
			isa = XCBuildConfiguration;
			buildSettings = {
				ALWAYS_SEARCH_USER_PATHS = NO;
				CLANG_ANALYZER_NONNULL = YES;
				CLANG_ANALYZER_NUMBER_OBJECT_CONVERSION = YES_AGGRESSIVE;
				CLANG_CXX_LANGUAGE_STANDARD = "gnu++14";
				CLANG_CXX_LIBRARY = "libc++";
				CLANG_ENABLE_MODULES = YES;
				CLANG_ENABLE_OBJC_ARC = YES;
				CLANG_ENABLE_OBJC_WEAK = YES;
				CLANG_WARN_BLOCK_CAPTURE_AUTORELEASING = YES;
				CLANG_WARN_BOOL_CONVERSION = YES;
				CLANG_WARN_COMMA = YES;
				CLANG_WARN_CONSTANT_CONVERSION = YES;
				CLANG_WARN_DEPRECATED_OBJC_IMPLEMENTATIONS = YES;
				CLANG_WARN_DIRECT_OBJC_ISA_USAGE = YES_ERROR;
				CLANG_WARN_DOCUMENTATION_COMMENTS = YES;
				CLANG_WARN_EMPTY_BODY = YES;
				CLANG_WARN_ENUM_CONVERSION = YES;
				CLANG_WARN_INFINITE_RECURSION = YES;
				CLANG_WARN_INT_CONVERSION = YES;
				CLANG_WARN_NON_LITERAL_NULL_CONVERSION = YES;
				CLANG_WARN_OBJC_IMPLICIT_RETAIN_SELF = YES;
				CLANG_WARN_OBJC_LITERAL_CONVERSION = YES;
				CLANG_WARN_OBJC_ROOT_CLASS = YES_ERROR;
				CLANG_WARN_RANGE_LOOP_ANALYSIS = YES;
				CLANG_WARN_STRICT_PROTOTYPES = YES;
				CLANG_WARN_SUSPICIOUS_MOVE = YES;
				CLANG_WARN_UNGUARDED_AVAILABILITY = YES_AGGRESSIVE;
				CLANG_WARN_UNREACHABLE_CODE = YES;
				CLANG_WARN__DUPLICATE_METHOD_MATCH = YES;
				CODE_SIGN_IDENTITY = "iPhone Developer";
				COPY_PHASE_STRIP = NO;
				DEBUG_INFORMATION_FORMAT = dwarf;
				ENABLE_STRICT_OBJC_MSGSEND = YES;
				ENABLE_TESTABILITY = YES;
				GCC_C_LANGUAGE_STANDARD = gnu11;
				GCC_DYNAMIC_NO_PIC = NO;
				GCC_NO_COMMON_BLOCKS = YES;
				GCC_OPTIMIZATION_LEVEL = 0;
				GCC_PREPROCESSOR_DEFINITIONS = (
					"DEBUG=1",
					"$(inherited)",
				);
				GCC_WARN_64_TO_32_BIT_CONVERSION = YES;
				GCC_WARN_ABOUT_RETURN_TYPE = YES_ERROR;
				GCC_WARN_UNDECLARED_SELECTOR = YES;
				GCC_WARN_UNINITIALIZED_AUTOS = YES_AGGRESSIVE;
				GCC_WARN_UNUSED_FUNCTION = YES;
				GCC_WARN_UNUSED_VARIABLE = YES;
				IPHONEOS_DEPLOYMENT_TARGET = 12.2;
				MTL_ENABLE_DEBUG_INFO = INCLUDE_SOURCE;
				MTL_FAST_MATH = YES;
				ONLY_ACTIVE_ARCH = YES;
				SDKROOT = iphoneos;
				SWIFT_ACTIVE_COMPILATION_CONDITIONS = DEBUG;
				SWIFT_OPTIMIZATION_LEVEL = "-Onone";
			};
			name = Debug;
		};
		18804EB022C3F3BF00C7D32C /* Release */ = {
			isa = XCBuildConfiguration;
			buildSettings = {
				ALWAYS_SEARCH_USER_PATHS = NO;
				CLANG_ANALYZER_NONNULL = YES;
				CLANG_ANALYZER_NUMBER_OBJECT_CONVERSION = YES_AGGRESSIVE;
				CLANG_CXX_LANGUAGE_STANDARD = "gnu++14";
				CLANG_CXX_LIBRARY = "libc++";
				CLANG_ENABLE_MODULES = YES;
				CLANG_ENABLE_OBJC_ARC = YES;
				CLANG_ENABLE_OBJC_WEAK = YES;
				CLANG_WARN_BLOCK_CAPTURE_AUTORELEASING = YES;
				CLANG_WARN_BOOL_CONVERSION = YES;
				CLANG_WARN_COMMA = YES;
				CLANG_WARN_CONSTANT_CONVERSION = YES;
				CLANG_WARN_DEPRECATED_OBJC_IMPLEMENTATIONS = YES;
				CLANG_WARN_DIRECT_OBJC_ISA_USAGE = YES_ERROR;
				CLANG_WARN_DOCUMENTATION_COMMENTS = YES;
				CLANG_WARN_EMPTY_BODY = YES;
				CLANG_WARN_ENUM_CONVERSION = YES;
				CLANG_WARN_INFINITE_RECURSION = YES;
				CLANG_WARN_INT_CONVERSION = YES;
				CLANG_WARN_NON_LITERAL_NULL_CONVERSION = YES;
				CLANG_WARN_OBJC_IMPLICIT_RETAIN_SELF = YES;
				CLANG_WARN_OBJC_LITERAL_CONVERSION = YES;
				CLANG_WARN_OBJC_ROOT_CLASS = YES_ERROR;
				CLANG_WARN_RANGE_LOOP_ANALYSIS = YES;
				CLANG_WARN_STRICT_PROTOTYPES = YES;
				CLANG_WARN_SUSPICIOUS_MOVE = YES;
				CLANG_WARN_UNGUARDED_AVAILABILITY = YES_AGGRESSIVE;
				CLANG_WARN_UNREACHABLE_CODE = YES;
				CLANG_WARN__DUPLICATE_METHOD_MATCH = YES;
				CODE_SIGN_IDENTITY = "iPhone Developer";
				COPY_PHASE_STRIP = NO;
				DEBUG_INFORMATION_FORMAT = "dwarf-with-dsym";
				ENABLE_NS_ASSERTIONS = NO;
				ENABLE_STRICT_OBJC_MSGSEND = YES;
				GCC_C_LANGUAGE_STANDARD = gnu11;
				GCC_NO_COMMON_BLOCKS = YES;
				GCC_WARN_64_TO_32_BIT_CONVERSION = YES;
				GCC_WARN_ABOUT_RETURN_TYPE = YES_ERROR;
				GCC_WARN_UNDECLARED_SELECTOR = YES;
				GCC_WARN_UNINITIALIZED_AUTOS = YES_AGGRESSIVE;
				GCC_WARN_UNUSED_FUNCTION = YES;
				GCC_WARN_UNUSED_VARIABLE = YES;
				IPHONEOS_DEPLOYMENT_TARGET = 12.2;
				MTL_ENABLE_DEBUG_INFO = NO;
				MTL_FAST_MATH = YES;
				SDKROOT = iphoneos;
				SWIFT_COMPILATION_MODE = wholemodule;
				SWIFT_OPTIMIZATION_LEVEL = "-O";
				VALIDATE_PRODUCT = YES;
			};
			name = Release;
		};
		18804EB222C3F3BF00C7D32C /* Debug */ = {
			isa = XCBuildConfiguration;
			buildSettings = {
				ASSETCATALOG_COMPILER_APPICON_NAME = AppIcon;
				CODE_SIGN_STYLE = Automatic;
				INFOPLIST_FILE = FitFoodieFindzApp/Info.plist;
				LD_RUNPATH_SEARCH_PATHS = (
					"$(inherited)",
					"@executable_path/Frameworks",
				);
				PRODUCT_BUNDLE_IDENTIFIER = ZP.FitFoodieFindzApp;
				PRODUCT_NAME = "$(TARGET_NAME)";
				SWIFT_VERSION = 5.0;
				TARGETED_DEVICE_FAMILY = "1,2";
			};
			name = Debug;
		};
		18804EB322C3F3BF00C7D32C /* Release */ = {
			isa = XCBuildConfiguration;
			buildSettings = {
				ASSETCATALOG_COMPILER_APPICON_NAME = AppIcon;
				CODE_SIGN_STYLE = Automatic;
				INFOPLIST_FILE = FitFoodieFindzApp/Info.plist;
				LD_RUNPATH_SEARCH_PATHS = (
					"$(inherited)",
					"@executable_path/Frameworks",
				);
				PRODUCT_BUNDLE_IDENTIFIER = ZP.FitFoodieFindzApp;
				PRODUCT_NAME = "$(TARGET_NAME)";
				SWIFT_VERSION = 5.0;
				TARGETED_DEVICE_FAMILY = "1,2";
			};
			name = Release;
		};
		18804EB522C3F3BF00C7D32C /* Debug */ = {
			isa = XCBuildConfiguration;
			buildSettings = {
				ALWAYS_EMBED_SWIFT_STANDARD_LIBRARIES = YES;
				BUNDLE_LOADER = "$(TEST_HOST)";
				CODE_SIGN_STYLE = Automatic;
				INFOPLIST_FILE = FitFoodieFindzAppTests/Info.plist;
				LD_RUNPATH_SEARCH_PATHS = (
					"$(inherited)",
					"@executable_path/Frameworks",
					"@loader_path/Frameworks",
				);
				PRODUCT_BUNDLE_IDENTIFIER = ZP.FitFoodieFindzAppTests;
				PRODUCT_NAME = "$(TARGET_NAME)";
				SWIFT_VERSION = 5.0;
				TARGETED_DEVICE_FAMILY = "1,2";
				TEST_HOST = "$(BUILT_PRODUCTS_DIR)/FitFoodieFindzApp.app/FitFoodieFindzApp";
			};
			name = Debug;
		};
		18804EB622C3F3BF00C7D32C /* Release */ = {
			isa = XCBuildConfiguration;
			buildSettings = {
				ALWAYS_EMBED_SWIFT_STANDARD_LIBRARIES = YES;
				BUNDLE_LOADER = "$(TEST_HOST)";
				CODE_SIGN_STYLE = Automatic;
				INFOPLIST_FILE = FitFoodieFindzAppTests/Info.plist;
				LD_RUNPATH_SEARCH_PATHS = (
					"$(inherited)",
					"@executable_path/Frameworks",
					"@loader_path/Frameworks",
				);
				PRODUCT_BUNDLE_IDENTIFIER = ZP.FitFoodieFindzAppTests;
				PRODUCT_NAME = "$(TARGET_NAME)";
				SWIFT_VERSION = 5.0;
				TARGETED_DEVICE_FAMILY = "1,2";
				TEST_HOST = "$(BUILT_PRODUCTS_DIR)/FitFoodieFindzApp.app/FitFoodieFindzApp";
			};
			name = Release;
		};
		18804EB822C3F3BF00C7D32C /* Debug */ = {
			isa = XCBuildConfiguration;
			buildSettings = {
				ALWAYS_EMBED_SWIFT_STANDARD_LIBRARIES = YES;
				CODE_SIGN_STYLE = Automatic;
				INFOPLIST_FILE = FitFoodieFindzAppUITests/Info.plist;
				LD_RUNPATH_SEARCH_PATHS = (
					"$(inherited)",
					"@executable_path/Frameworks",
					"@loader_path/Frameworks",
				);
				PRODUCT_BUNDLE_IDENTIFIER = ZP.FitFoodieFindzAppUITests;
				PRODUCT_NAME = "$(TARGET_NAME)";
				SWIFT_VERSION = 5.0;
				TARGETED_DEVICE_FAMILY = "1,2";
				TEST_TARGET_NAME = FitFoodieFindzApp;
			};
			name = Debug;
		};
		18804EB922C3F3BF00C7D32C /* Release */ = {
			isa = XCBuildConfiguration;
			buildSettings = {
				ALWAYS_EMBED_SWIFT_STANDARD_LIBRARIES = YES;
				CODE_SIGN_STYLE = Automatic;
				INFOPLIST_FILE = FitFoodieFindzAppUITests/Info.plist;
				LD_RUNPATH_SEARCH_PATHS = (
					"$(inherited)",
					"@executable_path/Frameworks",
					"@loader_path/Frameworks",
				);
				PRODUCT_BUNDLE_IDENTIFIER = ZP.FitFoodieFindzAppUITests;
				PRODUCT_NAME = "$(TARGET_NAME)";
				SWIFT_VERSION = 5.0;
				TARGETED_DEVICE_FAMILY = "1,2";
				TEST_TARGET_NAME = FitFoodieFindzApp;
			};
			name = Release;
		};
/* End XCBuildConfiguration section */

/* Begin XCConfigurationList section */
		18804E8422C3F3BE00C7D32C /* Build configuration list for PBXProject "FitFoodieFindzApp" */ = {
			isa = XCConfigurationList;
			buildConfigurations = (
				18804EAF22C3F3BF00C7D32C /* Debug */,
				18804EB022C3F3BF00C7D32C /* Release */,
			);
			defaultConfigurationIsVisible = 0;
			defaultConfigurationName = Release;
		};
		18804EB122C3F3BF00C7D32C /* Build configuration list for PBXNativeTarget "FitFoodieFindzApp" */ = {
			isa = XCConfigurationList;
			buildConfigurations = (
				18804EB222C3F3BF00C7D32C /* Debug */,
				18804EB322C3F3BF00C7D32C /* Release */,
			);
			defaultConfigurationIsVisible = 0;
			defaultConfigurationName = Release;
		};
		18804EB422C3F3BF00C7D32C /* Build configuration list for PBXNativeTarget "FitFoodieFindzAppTests" */ = {
			isa = XCConfigurationList;
			buildConfigurations = (
				18804EB522C3F3BF00C7D32C /* Debug */,
				18804EB622C3F3BF00C7D32C /* Release */,
			);
			defaultConfigurationIsVisible = 0;
			defaultConfigurationName = Release;
		};
		18804EB722C3F3BF00C7D32C /* Build configuration list for PBXNativeTarget "FitFoodieFindzAppUITests" */ = {
			isa = XCConfigurationList;
			buildConfigurations = (
				18804EB822C3F3BF00C7D32C /* Debug */,
				18804EB922C3F3BF00C7D32C /* Release */,
			);
			defaultConfigurationIsVisible = 0;
			defaultConfigurationName = Release;
		};
/* End XCConfigurationList section */
	};
	rootObject = 18804E8122C3F3BE00C7D32C /* Project object */;
}
